
Microsoft Visual Studio Solution File, Format Version 12.00
# Visual Studio Version 17
VisualStudioVersion = 17.11.35219.272
MinimumVisualStudioVersion = 10.0.40219.1
Project("{9A19103F-16F7-4668-BE54-9A1E7A4F7556}") = "RTDWebAPI ", "RTDWebAPI\RTDWebAPI .csproj", "{64448D84-A1FD-4B21-B56C-3555508FEE96}"
EndProject
Global
	GlobalSection(SolutionConfigurationPlatforms) = preSolution
		Debug|Any CPU = Debug|Any CPU
		Release|Any CPU = Release|Any CPU
	EndGlobalSection
	GlobalSection(ProjectConfigurationPlatforms) = postSolution
		{64448D84-A1FD-4B21-B56C-3555508FEE96}.Debug|Any CPU.ActiveCfg = Debug|Any CPU
		{64448D84-A1FD-4B21-B56C-3555508FEE96}.Debug|Any CPU.Build.0 = Debug|Any CPU
		{64448D84-A1FD-4B21-B56C-3555508FEE96}.Release|Any CPU.ActiveCfg = Release|Any CPU
		{64448D84-A1FD-4B21-B56C-3555508FEE96}.Release|Any CPU.Build.0 = Release|Any CPU
	EndGlobalSection
	GlobalSection(SolutionProperties) = preSolution
		HideSolutionNode = FALSE
	EndGlobalSection
	GlobalSection(ExtensibilityGlobals) = postSolution
		SolutionGuid = {848B80EF-8E56-4D28-ABCB-09D9D876CC00}
	EndGlobalSection
EndGlobal
